cloud.google.com/go/compute/metadata v0.3.0 h1:mg4jlk7mCAj6xXp9UJ4fjI9VUI5rubuGBW5aJ7UnBMY=
cloud.google.com/go/compute/metadata v0.3.0/go.mod h1:VAV5nSsACxMJvgaAuX6Pk2AawlZn8kiOGuCv6gTkwuA=
github.com/SherClockHolmes/webpush-go v1.4.0 h1:4SxzQyH03qY0rPYQ7K9cug46l2atx1US0N0zRwLhR4E=
github.com/SherClockHolmes/webpush-go v1.4.0/go.mod h1:foe4qJwTphBEJLlL8LzZvN8ywkzX9E8n7S1Q2lC5x7I=
github.com/bytedance/sonic v1.11.6 h1:5QdCbWZ5V6sPvJqVkEjlmnxejfj6f0ZQy1vLzqZ0VUY=
github.com/bytedance/sonic v1.11.6/go.mod h1:iZcSUejdk5aukTND/Eu/iv/PRf0eMj1Y7q+2K1hPLdM=
github.com/bytedance/sonic/loader v0.2.0 h1:MVLvSqT+4SqgHc00/eD/MAk4fQuLbZWX8nUwR3qXq6k=
github.com/bytedance/sonic/loader v0.2.0/go.mod h1:CvNM9Rl2UyF6ZGVa+D8L6LR9ox1QhVkW7Aephk1nAKc=
github.com/cloudinary/cloudinary-go/v2 v2.14.0 h1:QDtu+JdPXL5OeS5ywUuAkXoG9JW5vMcz1LvG6yJJBtQ=
github.com/cloudinary/cloudinary-go/v2 v2.14.0/go.mod h1:QlTVas1Tiv4g2dINid7m8dMUbVVgV9a2yqg5ZtKJQck=
github.com/cloudwego/base64x v0.1.4 h1:ndQdFH+Ms9lHh9Lb5yP8c6B8N0YQr92Ay+kHP8gNcQ0=
github.com/cloudwego/base64x v0.1.4/go.mod h1:3Y14hF35p2R77L8hAMQKL6Qj1/0XeY0xGcxgWLkwpOg=
github.com/creasty/defaults v1.7.0 h1:r7vu+7lpQd1r2iE2EppL7jYk91atbzdhX+MYh7vp9T0=
github.com/creasty/defaults v1.7.0/go.mod h1:r3twnA4ysW7cSyxH1M6Hp7Rhuvb5szlO2rL6cDcR1kY=
github.com/gabriel-vasile/mimetype v1.4.8 h1:mEn0V8Lh4t+PNtihkC8X3JjXz6vCkMYHGeZq0aVvTIE=
github.com/gabriel-vasile/mimetype v1.4.8/go.mod h1:rSqY3kgcX5iyzQO0qVhNCK2uSAhH5L0jEcBxT0sw8cY=
github.com/gin-contrib/cors v1.7.6 h1:c8nP/9gCunFZz9hYtBSIgVU9lzZNF4LcSLem5fLeG0U=
github.com/gin-contrib/cors v1.7.6/go.mod h1:Gl9tNlDAzRVojN0x5yd70Z6Xq2eLp2yLJ0yq5b/dzOA=
github.com/gin-contrib/sse v0.1.0 h1:Y/yl/+YNO8GZSjAhjMsSuLt29uWRFHdHYUb5lYOV9qE=
github.com/gin-contrib/sse v0.1.0/go.mod h1:RHrZQHXnP2xjPF+u1gW/2HnVO7nvIa9PG3Gm+fLHvGI=
github.com/gin-gonic/gin v1.10.0 h1:0wIipgADVh4DgV/kNqXgWuN7Sd2rXpq9Qq6qd2HRk3I=
github.com/gin-gonic/gin v1.10.0/go.mod h1:cy2VG7YGuQ3Vvc0OaNvCofZQEBgFop+dF8mD1Zz+oEw=
github.com/go-playground/locales v0.14.1 h1:EWaQ/wswjilfKLTECiXz7Rh+3BjFhfDFKv/oXslEjJA=
github.com/go-playground/locales v0.14.1/go.mod h1:hxrqLVvrK65+Rwrd5Fc6F2O76J/NuW9t0sjnWqG1slY=
github.com/go-playground/universal-translator v0.18.1 h1:Bcnm0ZwsGyWbCzImXv+pAJnYK9S473LQFuzCbDbfSFY=
github.com/go-playground/universal-translator v0.18.1/go.mod h1:xekY+UJKNuX9WP91TpwSH2VMlDf28Uj24BCp08ZFTUY=
github.com/go-playground/validator/v10 v10.20.0 h1:Sm7c0cdLJcCXPExQmhjWv8yFZ4GH+l1EDrFqPRGAbvU=
github.com/go-playground/validator/v10 v10.20.0/go.mod h1:3RlAZlEfpmbzp/0mK66IxyHf2L8Jq9haMIe7BnpW8OQ=
github.com/goccy/go-json v0.10.2 h1:CrxCmQqYDkv1z7lO7Wbh2HN93uovUHgrECaO5ZrCXKM=
github.com/goccy/go-json v0.10.2/go.mod h1:6MelG93GURQebXPDq3khkgXZkazVtN9CRI+MGFi0w8I=
github.com/golang-jwt/jwt/v5 v5.2.0 h1:j1p2pcpKxTMD1h9HHGB7CTGGKEX5F7nH24tZmZt9U0s=
github.com/golang-jwt/jwt/v5 v5.2.0/go.mod h1:p1FRx1mGCLx7DxmW1MfZfhZp8aQ6Roh9SU7B6G2jups=
github.com/golang/snappy v0.0.4 h1:yAGX7huGHXlcLOEtBnF4w7FQwA26wojNCwOYAEhLjQM=
github.com/golang/snappy v0.0.4/go.mod h1:/XxbfmMg8lxefKM7IXC3fBNl/7bRcc72aCRzEWrmP2Q=
github.com/google/uuid v1.6.0 h1:NIvaJDMOsjHA8n1jAhLSgzrAzy1Hgr+hNrb57e+94F0=
github.com/google/uuid v1.6.0/go.mod h1:TIyPZe4MgqvfeYDBFedMoGGpEw/LqOeaOT+nhxU+yHo=
github.com/gorilla/schema v1.4.1 h1:ORrD8G6fph/Z6MqOdSX06CU/4ZpfA8kwNLBpCrnGvPk=
github.com/gorilla/schema v1.4.1/go.mod h1:tvXO0PCAltLVqKQmhdfiQnTXl+GaBPCn8C9YfRZLSw0=
github.com/gorilla/websocket v1.5.3 h1:gmztn0JnHVt9JZquRuzLw3g4wouNVzKL15iLr/zn/QY=
github.com/gorilla/websocket v1.5.3/go.mod h1:YR8l580nyteQvAITg2hZ9XVh4b55+EU/adAjf1fMHhE=
github.com/joho/godotenv v1.5.1 h1:7eLL/+HRGLY0ldzfGMeQkb7vMd0as4CfYvUVzLqw0N0=
github.com/joho/godotenv v1.5.1/go.mod h1:f4LDr5Voq0i2e/R5DDNOoa2zzDfwtkZa6DnEwAbqwq4=
github.com/json-iterator/go v1.1.12 h1:PV8peI4a0ysnczrg+LtxykD8LfKY9ML6u2jnxaEnrnM=
github.com/json-iterator/go v1.1.12/go.mod h1:e30LSqwooZae/UwlEbR2852Gd8hjQvJoHmT4TnhNGBo=
github.com/klauspost/compress v1.13.6 h1:P76CopJELS0TiO2mebmnzgWaajssP/EszplttgQxcgc=
github.com/klauspost/compress v1.13.6/go.mod h1:/3/Vjq9QcHkK5uEr5lBEmyoZ1iFhe47etQ6QUkpK6sk=
github.com/klauspost/cpuid/v2 v2.2.7 h1:ZguD61Xp6d/oN8Vj8awd64dBIHiMq5QEsHGtHc3nE+0=
github.com/klauspost/cpuid/v2 v2.2.7/go.mod h1:Lcz8mBdAVJIBVzewtcLocK12l3Y+JytZYpaMropDUws=
github.com/kr/pretty v0.3.1 h1:flRD4NNwYAUpkphVc1HcthR4KEIFJ65n8Mw5qdRn3LE=
github.com/kr/pretty v0.3.1/go.mod h1:hoEshYVHaxMs3cyo3Yncou5ZscifuDolrwPKZanG3xk=
github.com/leodido/go-urn v1.4.0 h1:WTp4QgyKQoJv7PkbOZR97xBY7q3fJxH1oMMMwnhsz0M=
github.com/leodido/go-urn v1.4.0/go.mod h1:7eSg/FX8MjrHGoFwIH1f6VMYhC6q3KjPOfWv7R8b9MI=
github.com/mattn/go-isatty v0.0.20 h1:xfD0iDuEKnDkl03q4limB+vH+GxLEtL/jb4xVJSWWEY=
github.com/mattn/go-isatty v0.0.20/go.mod h1:W+V8PltTTMOvKvAeJH7IuucS94S2C6jfK/D7dTCTo3Y=
github.com/modern-go/concurrent v0.0.0-20180306012644-bacd9c7ef1dd h1:TRLaZ9cD/w8PVh93nsPXa1VrQ6jlwL5oN8l14QlcNfg=
github.com/modern-go/concurrent v0.0.0-20180306012644-bacd9c7ef1dd/go.mod h1:fRT9szXnK0K7OgFQw2EwE1Uqmb5O8EmRVL+4rRq2lZg=
github.com/modern-go/reflect2 v1.0.2 h1:xBagoLtFs94CBntxluKeaWgTMpvLxC4ur3nMaC9Gz0M=
github.com/modern-go/reflect2 v1.0.2/go.mod h1:yWuevngMOJpCy52FWWMvUC8ws7m/LJsjYzDa0/r8luk=
github.com/montanaflynn/stats v0.7.1 h1:etflOAAH9fM2seGRtHq+bkPR+rTgGdHrHlE6lFz3O+U=
github.com/montanaflynn/stats v0.7.1/go.mod h1:etXPPgVO6n31NxCd9KQUMvCM+ve0ruNxkq5lPJkylEM=
github.com/pelletier/go-toml/v2 v2.2.2 h1:y+iy+O6wUHNunDfCqZlAL9pkekJbC+WWPqd/1G1x4Eo=
github.com/pelletier/go-toml/v2 v2.2.2/go.mod h1:1t835xjRzz80PqgE6HlhNJiWWKapa3sY0K7i3RZTO6Q=
github.com/rogpeppe/go-internal v1.14.1 h1:WfquEzKBCRgKjWc8m2JtXINleS8zJ/5r7HBa2gYVA4E=
github.com/rogpeppe/go-internal v1.14.1/go.mod h1:WfquEzKBCRgKjWc8m2JtXINleS8zJ/5r7HBa2gYVA4E=
github.com/stretchr/testify v1.9.0 h1:HtqpIVDClZ4nwg75+f6Lvsy/wHu+3BoSGCbBAcpTsTg=
github.com/stretchr/testify v1.9.0/go.mod h1:r2ic/lqez/lEtzL7wO/rwa5dbSLXVDPFyf8C91i36aY=
github.com/twitchyliquid64/golang-asm v0.15.1 h1:SU8vS8sKt3QdL7wHrC02MHwBsKkL/MwtYJjZ3H6t8kE=
github.com/twitchyliquid64/golang-asm v0.15.1/go.mod h1:a1hV7hwcCX4sBb5F7LAb8Ld+6gPkNRvthbRpfMuz9B0=
github.com/ugorji/go/codec v1.3.0 h1:nqas8eeQuE1KGxyCzU2QpAU6hV+QjRv3gGq6q1fXjK4=
github.com/ugorji/go/codec v1.3.0/go.mod h1:V0eCmt0rLZyJtD5rVQLxHJc1r7DdqN6AGMk9GgKSDU4=
github.com/xdg-go/pbkdf2 v1.0.0 h1:Su7DPu48wXMwC3bs7MCNG+z4FhcyEuz5dlvchbq0B0c=
github.com/xdg-go/pbkdf2 v1.0.0/go.mod h1:jrpuAogTd400dnrH08LKmI/xc1MbPOebTwRqcT5RDeI=
github.com/xdg-go/scram v1.1.2 h1:FHX5I5B4i4hKRVRBCFRxq1iQRej7WO3hhBuJf+UUySY=
github.com/xdg-go/scram v1.1.2/go.mod h1:RT/sEzTbU5y00aCK8UOx6R7YryM0iF1N2MOmC3kKLN4=
github.com/xdg-go/stringprep v1.0.4 h1:kdwGp1Q6v7wK3c6Z6zC6Y2oB0u0LWTYJDKMcNWFFJ8Y=
github.com/xdg-go/stringprep v1.0.4/go.mod h1:mPGuuIYwz7CmR2bT9y4kPEgMkXblzET++whh9u3Ejsg=
github.com/youmark/pkcs8 v0.0.0-20240726163527-a2c0da244d78 h1:lzXw3q45SRqyFy9F4f02Jg73R2ilWnyFnm2Lz+gnhSo=
github.com/youmark/pkcs8 v0.0.0-20240726163527-a2c0da244d78/go.mod h1:7SskcPMZTw6K/zsw7jA3prC8ln7XyJbF1jMB6S9DnvY=
go.mongodb.org/mongo-driver v1.17.1 h1:L6mRyj+3Hdu1/eje6AA3mWQfGfqHUvJ3w2tW4dTdTY=
go.mongodb.org/mongo-driver v1.17.1/go.mod h1:9K1YscLIyl0mxkabQ2BSh+y93DL0jVFWvLKXgWUOQrA=
golang.org/x/arch v0.8.0 h1:7QAs6zKfHq2nO2lFb79YtHhQPHZwaxH2O0cQ8tP8xMY=
golang.org/x/arch v0.8.0/go.mod h1:1J4XptOcjU6/g7k7g+kUOsE0M1S5AAmWzDk0M4pQRbw=
golang.org/x/crypto v0.45.0 h1:y69MrhGg8l6ROfG1dX3fpJJzJBgL3fNpK3mzTW+WujA=
golang.org/x/crypto v0.45.0/go.mod h1:KI6S2x1oIW5psqR4yY9D1oW6t0LCSzDkli5VbqHpCQ0=
golang.org/x/net v0.48.0 h1:qLpLdnhfKhpfGqn8U0cSJ11jJ1XGv/1aVhNNWp5W3A=
golang.org/x/net v0.48.0/go.mod h1:Nx7g9zLhUu9u8L4flZ7e9q4iYDt2Z5/VLg8a4y44MqA=
golang.org/x/oauth2 v0.34.0 h1:NyG8H3YhUuJ7vQCPL3YlJcYhHY/4n1Qq9AP4FzQLbDU=
golang.org/x/oauth2 v0.34.0/go.mod h1:NI4r0zdfM5HwWlyXxMILO5ZSwg0w9iSHkqA5C3xW7co=
golang.org/x/sync v0.19.0 h1:lgBtmMaQYk+JXw7GPFWWHmmxy2fvWFj3ynWl3Bc/4c0=
golang.org/x/sync v0.19.0/go.mod h1:VWAYBc8Q4BBZKBiTzSRBuBpBhxrD6BPWQvMZf9TITIU=
golang.org/x/sys v0.43.0 h1:V39xRCyqQ1qCjYEILp8/pL+AtSCW0trhDGQ8chPglQ4=
golang.org/x/sys v0.43.0/go.mod h1:/VUhepiaJMQUp4+oa/7Zr1D23ma6VTLIYjOOTFZPUcA=
golang.org/x/text v0.29.0 h1:8fFkZZa0g/UKvKXk4tycP/EO9vsw7vyoygvBrcmZqY0=
golang.org/x/text v0.29.0/go.mod h1:I7fLzFkKNs9kqNu1+aF5r8k2d7+uOwH5VbMl+ACxAJI=
google.golang.org/protobuf v1.36.7 h1:8ohs+6a1m+iwJXaVqy2n5M/WdxQ5Cz3WXbO3m5x0yq0=
google.golang.org/protobuf v1.36.7/go.mod h1:oO9N0g17n/wN0uO/xqSqL6M/e1t6bqQ7Y39gJ06N+6Q=
gopkg.in/yaml.v3 v3.0.1 h1:fxVm/GzAzEWqLH2ctrNySsIXm9VGgkJn+Oc+u8NzC68=
gopkg.in/yaml.v3 v3.0.1/go.mod h1:K4uyk7z7BCEPqu6E+C64Yfv1cQ7kz7rIZviUmN+EgEM=
